
Microsoft Visual Studio Solution File, Format Version 12.00
# Visual Studio Version 17
VisualStudioVersion = 17.5.002.0
MinimumVisualStudioVersion = 10.0.40219.1
Project("{9A19103F-16F7-4668-BE54-9A1E7A4F7556}") = "autoclick", "autoclick.csproj", "{D827AA94-5C1B-4321-B6A9-23D8E1C30AF2}"
EndProject
Global
	GlobalSection(SolutionConfigurationPlatforms) = preSolution
		Debug|Any CPU = Debug|Any CPU
		Release|Any CPU = Release|Any CPU
	EndGlobalSection
	GlobalSection(ProjectConfigurationPlatforms) = postSolution
		{D827AA94-5C1B-4321-B6A9-23D8E1C30AF2}.Debug|Any CPU.ActiveCfg = Debug|Any CPU
		{D827AA94-5C1B-4321-B6A9-23D8E1C30AF2}.Debug|Any CPU.Build.0 = Debug|Any CPU
		{D827AA94-5C1B-4321-B6A9-23D8E1C30AF2}.Release|Any CPU.ActiveCfg = Release|Any CPU
		{D827AA94-5C1B-4321-B6A9-23D8E1C30AF2}.Release|Any CPU.Build.0 = Release|Any CPU
	EndGlobalSection
	GlobalSection(SolutionProperties) = preSolution
		HideSolutionNode = FALSE
	EndGlobalSection
	GlobalSection(ExtensibilityGlobals) = postSolution
		SolutionGuid = {BAD3890C-49CA-438B-A138-A7C93A5DD100}
	EndGlobalSection
EndGlobal
